
Microsoft Visual Studio Solution File, Format Version 12.00
# Visual Studio Version 16
VisualStudioVersion = 16.0.33529.622
MinimumVisualStudioVersion = 10.0.40219.1
Project("{FAE04EC0-301F-11D3-BF4B-00C04F79EFBC}") = "dotnetcoreAPI", "dotnetcoreAPI.csproj", "{03EDAB45-7940-4C07-99D9-ABB4A31BC410}"
EndProject
Global
	GlobalSection(SolutionConfigurationPlatforms) = preSolution
		Debug|Any CPU = Debug|Any CPU
		Release|Any CPU = Release|Any CPU
	EndGlobalSection
	GlobalSection(ProjectConfigurationPlatforms) = postSolution
		{03EDAB45-7940-4C07-99D9-ABB4A31BC410}.Debug|Any CPU.ActiveCfg = Debug|Any CPU
		{03EDAB45-7940-4C07-99D9-ABB4A31BC410}.Debug|Any CPU.Build.0 = Debug|Any CPU
		{03EDAB45-7940-4C07-99D9-ABB4A31BC410}.Release|Any CPU.ActiveCfg = Release|Any CPU
		{03EDAB45-7940-4C07-99D9-ABB4A31BC410}.Release|Any CPU.Build.0 = Release|Any CPU
	EndGlobalSection
	GlobalSection(SolutionProperties) = preSolution
		HideSolutionNode = FALSE
	EndGlobalSection
	GlobalSection(ExtensibilityGlobals) = postSolution
		SolutionGuid = {8B04731B-8FE9-4D37-8703-9816B24D2091}
	EndGlobalSection
EndGlobal
